Microsoft Visual Studio Solution File, Format Version 11.00
# Visual Studio 2008

Project("{ED40EBAA-2789-3CFF-5E95-D7DCAFD4934C}") = "Automatons 0.2", "Assembly-CSharp.csproj", "{0A817D40-7EFB-931D-8EE9-32636B2E29C7}"
EndProject
Global
	GlobalSection(SolutionConfigurationPlatforms) = preSolution
		Debug|Any CPU = Debug|Any CPU
		Release|Any CPU = Release|Any CPU
	EndGlobalSection
	GlobalSection(ProjectConfigurationPlatforms) = postSolution
		{0A817D40-7EFB-931D-8EE9-32636B2E29C7}.Debug|Any CPU.ActiveCfg = Debug|Any CPU
		{0A817D40-7EFB-931D-8EE9-32636B2E29C7}.Debug|Any CPU.Build.0 = Debug|Any CPU
		{0A817D40-7EFB-931D-8EE9-32636B2E29C7}.Release|Any CPU.ActiveCfg = Release|Any CPU
		{0A817D40-7EFB-931D-8EE9-32636B2E29C7}.Release|Any CPU.Build.0 = Release|Any CPU
	EndGlobalSection
	GlobalSection(SolutionProperties) = preSolution
		HideSolutionNode = FALSE
	EndGlobalSection
	GlobalSection(MonoDevelopProperties) = preSolution
		StartupItem = Assembly-CSharp.csproj
	EndGlobalSection
EndGlobal
